// !$*UTF8*$!
{
	archiveVersion = 1;
	classes = {
	};
	objectVersion = 50;
	objects = {

/* Begin PBXBuildFile section */
		9137726821EF1DFB003287FC /* Protocols-Enums.swift in Sources */ = {isa = PBXBuildFile; fileRef = 9137726721EF1DFB003287FC /* Protocols-Enums.swift */; };
		9191EC1421E78731002BAC48 /* MoveKin.framework in Frameworks */ = {isa = PBXBuildFile; fileRef = 9191EC0A21E78731002BAC48 /* MoveKin.framework */; };
		9191EC1921E78731002BAC48 /* MoveKinTests.swift in Sources */ = {isa = PBXBuildFile; fileRef = 9191EC1821E78731002BAC48 /* MoveKinTests.swift */; };
		9191EC1B21E78731002BAC48 /* MoveKin.h in Headers */ = {isa = PBXBuildFile; fileRef = 9191EC0D21E78731002BAC48 /* MoveKin.h */; settings = {ATTRIBUTES = (Public, ); }; };
		9191EC2D21E7874F002BAC48 /* ProvideAddressFlow.swift in Sources */ = {isa = PBXBuildFile; fileRef = 9191EC2421E7874E002BAC48 /* ProvideAddressFlow.swift */; };
		9191EC2E21E7874F002BAC48 /* GetAddressFlow.swift in Sources */ = {isa = PBXBuildFile; fileRef = 9191EC2521E7874E002BAC48 /* GetAddressFlow.swift */; };
		9191EC2F21E7874F002BAC48 /* MoveKinNavigationController.swift in Sources */ = {isa = PBXBuildFile; fileRef = 9191EC2621E7874E002BAC48 /* MoveKinNavigationController.swift */; };
		9191EC3021E7874F002BAC48 /* MoveKinConstants.swift in Sources */ = {isa = PBXBuildFile; fileRef = 9191EC2721E7874E002BAC48 /* MoveKinConstants.swift */; };
		9191EC3121E7874F002BAC48 /* LaunchURLBuilder.swift in Sources */ = {isa = PBXBuildFile; fileRef = 9191EC2821E7874E002BAC48 /* LaunchURLBuilder.swift */; };
		9191EC3221E7874F002BAC48 /* GetAddressFlowTypes.swift in Sources */ = {isa = PBXBuildFile; fileRef = 9191EC2921E7874E002BAC48 /* GetAddressFlowTypes.swift */; };
		9191EC3321E7874F002BAC48 /* MoveKinApp.swift in Sources */ = {isa = PBXBuildFile; fileRef = 9191EC2A21E7874E002BAC48 /* MoveKinApp.swift */; };
		9191EC3421E7874F002BAC48 /* MoveKinFlow.swift in Sources */ = {isa = PBXBuildFile; fileRef = 9191EC2B21E7874E002BAC48 /* MoveKinFlow.swift */; };
		9191EC3521E7874F002BAC48 /* PublicKey.swift in Sources */ = {isa = PBXBuildFile; fileRef = 9191EC2C21E7874E002BAC48 /* PublicKey.swift */; };
		9191EC5C21E78AEF002BAC48 /* StellarKit.framework in Frameworks */ = {isa = PBXBuildFile; fileRef = 9191EC5B21E78AEF002BAC48 /* StellarKit.framework */; };
		91D4908921EB7763003DD7A2 /* AcceptMoveKinViewController.swift in Sources */ = {isa = PBXBuildFile; fileRef = 91D4908821EB7763003DD7A2 /* AcceptMoveKinViewController.swift */; };
		91D4908B21EB77A5003DD7A2 /* MoveKin.xcassets in Resources */ = {isa = PBXBuildFile; fileRef = 91D4908A21EB77A5003DD7A2 /* MoveKin.xcassets */; };
		91D4908D21EB78DE003DD7A2 /* Bundle+Extensions.swift in Sources */ = {isa = PBXBuildFile; fileRef = 91D4908C21EB78DE003DD7A2 /* Bundle+Extensions.swift */; };
/* End PBXBuildFile section */

/* Begin PBXContainerItemProxy section */
		9191EC1521E78731002BAC48 /* PBXContainerItemProxy */ = {
			isa = PBXContainerItemProxy;
			containerPortal = 9191EC0121E78731002BAC48 /* Project object */;
			proxyType = 1;
			remoteGlobalIDString = 9191EC0921E78731002BAC48;
			remoteInfo = MoveKin;
		};
/* End PBXContainerItemProxy section */

/* Begin PBXFileReference section */
		9137726721EF1DFB003287FC /* Protocols-Enums.swift */ = {isa = PBXFileReference; lastKnownFileType = sourcecode.swift; path = "Protocols-Enums.swift"; sourceTree = "<group>"; };
		9191EC0A21E78731002BAC48 /* MoveKin.framework */ = {isa = PBXFileReference; explicitFileType = wrapper.framework; includeInIndex = 0; path = MoveKin.framework; sourceTree = BUILT_PRODUCTS_DIR; };
		9191EC0D21E78731002BAC48 /* MoveKin.h */ = {isa = PBXFileReference; lastKnownFileType = sourcecode.c.h; path = MoveKin.h; sourceTree = "<group>"; };
		9191EC0E21E78731002BAC48 /* Info.plist */ = {isa = PBXFileReference; lastKnownFileType = text.plist.xml; path = Info.plist; sourceTree = "<group>"; };
		9191EC1321E78731002BAC48 /* MoveKinTests.xctest */ = {isa = PBXFileReference; explicitFileType = wrapper.cfbundle; includeInIndex = 0; path = MoveKinTests.xctest; sourceTree = BUILT_PRODUCTS_DIR; };
		9191EC1821E78731002BAC48 /* MoveKinTests.swift */ = {isa = PBXFileReference; lastKnownFileType = sourcecode.swift; path = MoveKinTests.swift; sourceTree = "<group>"; };
		9191EC1A21E78731002BAC48 /* Info.plist */ = {isa = PBXFileReference; lastKnownFileType = text.plist.xml; path = Info.plist; sourceTree = "<group>"; };
		9191EC2421E7874E002BAC48 /* ProvideAddressFlow.swift */ = {isa = PBXFileReference; fileEncoding = 4; lastKnownFileType = sourcecode.swift; path = ProvideAddressFlow.swift; sourceTree = "<group>"; };
		9191EC2521E7874E002BAC48 /* GetAddressFlow.swift */ = {isa = PBXFileReference; fileEncoding = 4; lastKnownFileType = sourcecode.swift; path = GetAddressFlow.swift; sourceTree = "<group>"; };
		9191EC2621E7874E002BAC48 /* MoveKinNavigationController.swift */ = {isa = PBXFileReference; fileEncoding = 4; lastKnownFileType = sourcecode.swift; path = MoveKinNavigationController.swift; sourceTree = "<group>"; };
		9191EC2721E7874E002BAC48 /* MoveKinConstants.swift */ = {isa = PBXFileReference; fileEncoding = 4; lastKnownFileType = sourcecode.swift; path = MoveKinConstants.swift; sourceTree = "<group>"; };
		9191EC2821E7874E002BAC48 /* LaunchURLBuilder.swift */ = {isa = PBXFileReference; fileEncoding = 4; lastKnownFileType = sourcecode.swift; path = LaunchURLBuilder.swift; sourceTree = "<group>"; };
		9191EC2921E7874E002BAC48 /* GetAddressFlowTypes.swift */ = {isa = PBXFileReference; fileEncoding = 4; lastKnownFileType = sourcecode.swift; path = GetAddressFlowTypes.swift; sourceTree = "<group>"; };
		9191EC2A21E7874E002BAC48 /* MoveKinApp.swift */ = {isa = PBXFileReference; fileEncoding = 4; lastKnownFileType = sourcecode.swift; path = MoveKinApp.swift; sourceTree = "<group>"; };
		9191EC2B21E7874E002BAC48 /* MoveKinFlow.swift */ = {isa = PBXFileReference; fileEncoding = 4; lastKnownFileType = sourcecode.swift; path = MoveKinFlow.swift; sourceTree = "<group>"; };
		9191EC2C21E7874E002BAC48 /* PublicKey.swift */ = {isa = PBXFileReference; fileEncoding = 4; lastKnownFileType = sourcecode.swift; path = PublicKey.swift; sourceTree = "<group>"; };
		9191EC5B21E78AEF002BAC48 /* StellarKit.framework */ = {isa = PBXFileReference; explicitFileType = wrapper.framework; path = StellarKit.framework; sourceTree = BUILT_PRODUCTS_DIR; };
		91D4908821EB7763003DD7A2 /* AcceptMoveKinViewController.swift */ = {isa = PBXFileReference; lastKnownFileType = sourcecode.swift; path = AcceptMoveKinViewController.swift; sourceTree = "<group>"; };
		91D4908A21EB77A5003DD7A2 /* MoveKin.xcassets */ = {isa = PBXFileReference; lastKnownFileType = folder.assetcatalog; path = MoveKin.xcassets; sourceTree = "<group>"; };
		91D4908C21EB78DE003DD7A2 /* Bundle+Extensions.swift */ = {isa = PBXFileReference; lastKnownFileType = sourcecode.swift; path = "Bundle+Extensions.swift"; sourceTree = "<group>"; };
/* End PBXFileReference section */

/* Begin PBXFrameworksBuildPhase section */
		9191EC0721E78731002BAC48 /* Frameworks */ = {
			isa = PBXFrameworksBuildPhase;
			buildActionMask = 2147483647;
			files = (
				9191EC5C21E78AEF002BAC48 /* StellarKit.framework in Frameworks */,
			);
			runOnlyForDeploymentPostprocessing = 0;
		};
		9191EC1021E78731002BAC48 /* Frameworks */ = {
			isa = PBXFrameworksBuildPhase;
			buildActionMask = 2147483647;
			files = (
				9191EC1421E78731002BAC48 /* MoveKin.framework in Frameworks */,
			);
			runOnlyForDeploymentPostprocessing = 0;
		};
/* End PBXFrameworksBuildPhase section */

/* Begin PBXGroup section */
		9191EC0021E78731002BAC48 = {
			isa = PBXGroup;
			children = (
				9191EC0C21E78731002BAC48 /* MoveKin */,
				9191EC1721E78731002BAC48 /* MoveKinTests */,
				9191EC0B21E78731002BAC48 /* Products */,
				9191EC5A21E78AEF002BAC48 /* Frameworks */,
			);
			sourceTree = "<group>";
		};
		9191EC0B21E78731002BAC48 /* Products */ = {
			isa = PBXGroup;
			children = (
				9191EC0A21E78731002BAC48 /* MoveKin.framework */,
				9191EC1321E78731002BAC48 /* MoveKinTests.xctest */,
			);
			name = Products;
			sourceTree = "<group>";
		};
		9191EC0C21E78731002BAC48 /* MoveKin */ = {
			isa = PBXGroup;
			children = (
				91D4908A21EB77A5003DD7A2 /* MoveKin.xcassets */,
				9191EC2B21E7874E002BAC48 /* MoveKinFlow.swift */,
				9137726721EF1DFB003287FC /* Protocols-Enums.swift */,
				91D4908C21EB78DE003DD7A2 /* Bundle+Extensions.swift */,
				9191EC2521E7874E002BAC48 /* GetAddressFlow.swift */,
				9191EC2421E7874E002BAC48 /* ProvideAddressFlow.swift */,
				9191EC2921E7874E002BAC48 /* GetAddressFlowTypes.swift */,
				9191EC2821E7874E002BAC48 /* LaunchURLBuilder.swift */,
				9191EC2A21E7874E002BAC48 /* MoveKinApp.swift */,
				9191EC2721E7874E002BAC48 /* MoveKinConstants.swift */,
				9191EC2621E7874E002BAC48 /* MoveKinNavigationController.swift */,
				91D4908821EB7763003DD7A2 /* AcceptMoveKinViewController.swift */,
				9191EC2C21E7874E002BAC48 /* PublicKey.swift */,
				9191EC0D21E78731002BAC48 /* MoveKin.h */,
				9191EC0E21E78731002BAC48 /* Info.plist */,
			);
			path = MoveKin;
			sourceTree = "<group>";
		};
		9191EC1721E78731002BAC48 /* MoveKinTests */ = {
			isa = PBXGroup;
			children = (
				9191EC1821E78731002BAC48 /* MoveKinTests.swift */,
				9191EC1A21E78731002BAC48 /* Info.plist */,
			);
			path = MoveKinTests;
			sourceTree = "<group>";
		};
		9191EC5A21E78AEF002BAC48 /* Frameworks */ = {
			isa = PBXGroup;
			children = (
				9191EC5B21E78AEF002BAC48 /* StellarKit.framework */,
			);
			name = Frameworks;
			sourceTree = "<group>";
		};
/* End PBXGroup section */

/* Begin PBXHeadersBuildPhase section */
		9191EC0521E78731002BAC48 /* Headers */ = {
			isa = PBXHeadersBuildPhase;
			buildActionMask = 2147483647;
			files = (
				9191EC1B21E78731002BAC48 /* MoveKin.h in Headers */,
			);
			runOnlyForDeploymentPostprocessing = 0;
		};
/* End PBXHeadersBuildPhase section */

/* Begin PBXNativeTarget section */
		9191EC0921E78731002BAC48 /* MoveKin */ = {
			isa = PBXNativeTarget;
			buildConfigurationList = 9191EC1E21E78731002BAC48 /* Build configuration list for PBXNativeTarget "MoveKin" */;
			buildPhases = (
				9191EC0521E78731002BAC48 /* Headers */,
				9191EC0621E78731002BAC48 /* Sources */,
				9191EC0721E78731002BAC48 /* Frameworks */,
				9191EC0821E78731002BAC48 /* Resources */,
			);
			buildRules = (
			);
			dependencies = (
			);
			name = MoveKin;
			productName = MoveKin;
			productReference = 9191EC0A21E78731002BAC48 /* MoveKin.framework */;
			productType = "com.apple.product-type.framework";
		};
		9191EC1221E78731002BAC48 /* MoveKinTests */ = {
			isa = PBXNativeTarget;
			buildConfigurationList = 9191EC2121E78731002BAC48 /* Build configuration list for PBXNativeTarget "MoveKinTests" */;
			buildPhases = (
				9191EC0F21E78731002BAC48 /* Sources */,
				9191EC1021E78731002BAC48 /* Frameworks */,
				9191EC1121E78731002BAC48 /* Resources */,
			);
			buildRules = (
			);
			dependencies = (
				9191EC1621E78731002BAC48 /* PBXTargetDependency */,
			);
			name = MoveKinTests;
			productName = MoveKinTests;
			productReference = 9191EC1321E78731002BAC48 /* MoveKinTests.xctest */;
			productType = "com.apple.product-type.bundle.unit-test";
		};
/* End PBXNativeTarget section */

/* Begin PBXProject section */
		9191EC0121E78731002BAC48 /* Project object */ = {
			isa = PBXProject;
			attributes = {
				LastSwiftUpdateCheck = 1010;
				LastUpgradeCheck = 1010;
				ORGANIZATIONNAME = kinecosystem;
				TargetAttributes = {
					9191EC0921E78731002BAC48 = {
						CreatedOnToolsVersion = 10.1;
						LastSwiftMigration = 1010;
					};
					9191EC1221E78731002BAC48 = {
						CreatedOnToolsVersion = 10.1;
					};
				};
			};
			buildConfigurationList = 9191EC0421E78731002BAC48 /* Build configuration list for PBXProject "MoveKin" */;
			compatibilityVersion = "Xcode 9.3";
			developmentRegion = en;
			hasScannedForEncodings = 0;
			knownRegions = (
				en,
			);
			mainGroup = 9191EC0021E78731002BAC48;
			productRefGroup = 9191EC0B21E78731002BAC48 /* Products */;
			projectDirPath = "";
			projectRoot = "";
			targets = (
				9191EC0921E78731002BAC48 /* MoveKin */,
				9191EC1221E78731002BAC48 /* MoveKinTests */,
			);
		};
/* End PBXProject section */

/* Begin PBXResourcesBuildPhase section */
		9191EC0821E78731002BAC48 /* Resources */ = {
			isa = PBXResourcesBuildPhase;
			buildActionMask = 2147483647;
			files = (
				91D4908B21EB77A5003DD7A2 /* MoveKin.xcassets in Resources */,
			);
			runOnlyForDeploymentPostprocessing = 0;
		};
		9191EC1121E78731002BAC48 /* Resources */ = {
			isa = PBXResourcesBuildPhase;
			buildActionMask = 2147483647;
			files = (
			);
			runOnlyForDeploymentPostprocessing = 0;
		};
/* End PBXResourcesBuildPhase section */

/* Begin PBXSourcesBuildPhase section */
		9191EC0621E78731002BAC48 /* Sources */ = {
			isa = PBXSourcesBuildPhase;
			buildActionMask = 2147483647;
			files = (
				9191EC2D21E7874F002BAC48 /* ProvideAddressFlow.swift in Sources */,
				9191EC3321E7874F002BAC48 /* MoveKinApp.swift in Sources */,
				91D4908D21EB78DE003DD7A2 /* Bundle+Extensions.swift in Sources */,
				9137726821EF1DFB003287FC /* Protocols-Enums.swift in Sources */,
				9191EC2F21E7874F002BAC48 /* MoveKinNavigationController.swift in Sources */,
				9191EC2E21E7874F002BAC48 /* GetAddressFlow.swift in Sources */,
				9191EC3021E7874F002BAC48 /* MoveKinConstants.swift in Sources */,
				9191EC3421E7874F002BAC48 /* MoveKinFlow.swift in Sources */,
				91D4908921EB7763003DD7A2 /* AcceptMoveKinViewController.swift in Sources */,
				9191EC3121E7874F002BAC48 /* LaunchURLBuilder.swift in Sources */,
				9191EC3521E7874F002BAC48 /* PublicKey.swift in Sources */,
				9191EC3221E7874F002BAC48 /* GetAddressFlowTypes.swift in Sources */,
			);
			runOnlyForDeploymentPostprocessing = 0;
		};
		9191EC0F21E78731002BAC48 /* Sources */ = {
			isa = PBXSourcesBuildPhase;
			buildActionMask = 2147483647;
			files = (
				9191EC1921E78731002BAC48 /* MoveKinTests.swift in Sources */,
			);
			runOnlyForDeploymentPostprocessing = 0;
		};
/* End PBXSourcesBuildPhase section */

/* Begin PBXTargetDependency section */
		9191EC1621E78731002BAC48 /* PBXTargetDependency */ = {
			isa = PBXTargetDependency;
			target = 9191EC0921E78731002BAC48 /* MoveKin */;
			targetProxy = 9191EC1521E78731002BAC48 /* PBXContainerItemProxy */;
		};
/* End PBXTargetDependency section */

/* Begin XCBuildConfiguration section */
		9191EC1C21E78731002BAC48 /* Debug */ = {
			isa = XCBuildConfiguration;
			buildSettings = {
				ALWAYS_SEARCH_USER_PATHS = NO;
				CLANG_ANALYZER_NONNULL = YES;
				CLANG_ANALYZER_NUMBER_OBJECT_CONVERSION = YES_AGGRESSIVE;
				CLANG_CXX_LANGUAGE_STANDARD = "gnu++14";
				CLANG_CXX_LIBRARY = "libc++";
				CLANG_ENABLE_MODULES = YES;
				CLANG_ENABLE_OBJC_ARC = YES;
				CLANG_ENABLE_OBJC_WEAK = YES;
				CLANG_WARN_BLOCK_CAPTURE_AUTORELEASING = YES;
				CLANG_WARN_BOOL_CONVERSION = YES;
				CLANG_WARN_COMMA = YES;
				CLANG_WARN_CONSTANT_CONVERSION = YES;
				CLANG_WARN_DEPRECATED_OBJC_IMPLEMENTATIONS = YES;
				CLANG_WARN_DIRECT_OBJC_ISA_USAGE = YES_ERROR;
				CLANG_WARN_DOCUMENTATION_COMMENTS = YES;
				CLANG_WARN_EMPTY_BODY = YES;
				CLANG_WARN_ENUM_CONVERSION = YES;
				CLANG_WARN_INFINITE_RECURSION = YES;
				CLANG_WARN_INT_CONVERSION = YES;
				CLANG_WARN_NON_LITERAL_NULL_CONVERSION = YES;
				CLANG_WARN_OBJC_IMPLICIT_RETAIN_SELF = YES;
				CLANG_WARN_OBJC_LITERAL_CONVERSION = YES;
				CLANG_WARN_OBJC_ROOT_CLASS = YES_ERROR;
				CLANG_WARN_RANGE_LOOP_ANALYSIS = YES;
				CLANG_WARN_STRICT_PROTOTYPES = YES;
				CLANG_WARN_SUSPICIOUS_MOVE = YES;
				CLANG_WARN_UNGUARDED_AVAILABILITY = YES_AGGRESSIVE;
				CLANG_WARN_UNREACHABLE_CODE = YES;
				CLANG_WARN__DUPLICATE_METHOD_MATCH = YES;
				CODE_SIGN_IDENTITY = "iPhone Developer";
				COPY_PHASE_STRIP = NO;
				CURRENT_PROJECT_VERSION = 1;
				DEBUG_INFORMATION_FORMAT = dwarf;
				ENABLE_STRICT_OBJC_MSGSEND = YES;
				ENABLE_TESTABILITY = YES;
				GCC_C_LANGUAGE_STANDARD = gnu11;
				GCC_DYNAMIC_NO_PIC = NO;
				GCC_NO_COMMON_BLOCKS = YES;
				GCC_OPTIMIZATION_LEVEL = 0;
				GCC_PREPROCESSOR_DEFINITIONS = (
					"DEBUG=1",
					"$(inherited)",
				);
				GCC_WARN_64_TO_32_BIT_CONVERSION = YES;
				GCC_WARN_ABOUT_RETURN_TYPE = YES_ERROR;
				GCC_WARN_UNDECLARED_SELECTOR = YES;
				GCC_WARN_UNINITIALIZED_AUTOS = YES_AGGRESSIVE;
				GCC_WARN_UNUSED_FUNCTION = YES;
				GCC_WARN_UNUSED_VARIABLE = YES;
				IPHONEOS_DEPLOYMENT_TARGET = 12.1;
				MTL_ENABLE_DEBUG_INFO = INCLUDE_SOURCE;
				MTL_FAST_MATH = YES;
				ONLY_ACTIVE_ARCH = YES;
				SDKROOT = iphoneos;
				SWIFT_ACTIVE_COMPILATION_CONDITIONS = DEBUG;
				SWIFT_OPTIMIZATION_LEVEL = "-Onone";
				VERSIONING_SYSTEM = "apple-generic";
				VERSION_INFO_PREFIX = "";
			};
			name = Debug;
		};
		9191EC1D21E78731002BAC48 /* Release */ = {
			isa = XCBuildConfiguration;
			buildSettings = {
				ALWAYS_SEARCH_USER_PATHS = NO;
				CLANG_ANALYZER_NONNULL = YES;
				CLANG_ANALYZER_NUMBER_OBJECT_CONVERSION = YES_AGGRESSIVE;
				CLANG_CXX_LANGUAGE_STANDARD = "gnu++14";
				CLANG_CXX_LIBRARY = "libc++";
				CLANG_ENABLE_MODULES = YES;
				CLANG_ENABLE_OBJC_ARC = YES;
				CLANG_ENABLE_OBJC_WEAK = YES;
				CLANG_WARN_BLOCK_CAPTURE_AUTORELEASING = YES;
				CLANG_WARN_BOOL_CONVERSION = YES;
				CLANG_WARN_COMMA = YES;
				CLANG_WARN_CONSTANT_CONVERSION = YES;
				CLANG_WARN_DEPRECATED_OBJC_IMPLEMENTATIONS = YES;
				CLANG_WARN_DIRECT_OBJC_ISA_USAGE = YES_ERROR;
				CLANG_WARN_DOCUMENTATION_COMMENTS = YES;
				CLANG_WARN_EMPTY_BODY = YES;
				CLANG_WARN_ENUM_CONVERSION = YES;
				CLANG_WARN_INFINITE_RECURSION = YES;
				CLANG_WARN_INT_CONVERSION = YES;
				CLANG_WARN_NON_LITERAL_NULL_CONVERSION = YES;
				CLANG_WARN_OBJC_IMPLICIT_RETAIN_SELF = YES;
				CLANG_WARN_OBJC_LITERAL_CONVERSION = YES;
				CLANG_WARN_OBJC_ROOT_CLASS = YES_ERROR;
				CLANG_WARN_RANGE_LOOP_ANALYSIS = YES;
				CLANG_WARN_STRICT_PROTOTYPES = YES;
				CLANG_WARN_SUSPICIOUS_MOVE = YES;
				CLANG_WARN_UNGUARDED_AVAILABILITY = YES_AGGRESSIVE;
				CLANG_WARN_UNREACHABLE_CODE = YES;
				CLANG_WARN__DUPLICATE_METHOD_MATCH = YES;
				CODE_SIGN_IDENTITY = "iPhone Developer";
				COPY_PHASE_STRIP = NO;
				CURRENT_PROJECT_VERSION = 1;
				DEBUG_INFORMATION_FORMAT = "dwarf-with-dsym";
				ENABLE_NS_ASSERTIONS = NO;
				ENABLE_STRICT_OBJC_MSGSEND = YES;
				GCC_C_LANGUAGE_STANDARD = gnu11;
				GCC_NO_COMMON_BLOCKS = YES;
				GCC_WARN_64_TO_32_BIT_CONVERSION = YES;
				GCC_WARN_ABOUT_RETURN_TYPE = YES_ERROR;
				GCC_WARN_UNDECLARED_SELECTOR = YES;
				GCC_WARN_UNINITIALIZED_AUTOS = YES_AGGRESSIVE;
				GCC_WARN_UNUSED_FUNCTION = YES;
				GCC_WARN_UNUSED_VARIABLE = YES;
				IPHONEOS_DEPLOYMENT_TARGET = 12.1;
				MTL_ENABLE_DEBUG_INFO = NO;
				MTL_FAST_MATH = YES;
				SDKROOT = iphoneos;
				SWIFT_COMPILATION_MODE = wholemodule;
				SWIFT_OPTIMIZATION_LEVEL = "-O";
				VALIDATE_PRODUCT = YES;
				VERSIONING_SYSTEM = "apple-generic";
				VERSION_INFO_PREFIX = "";
			};
			name = Release;
		};
		9191EC1F21E78731002BAC48 /* Debug */ = {
			isa = XCBuildConfiguration;
			buildSettings = {
				CLANG_ENABLE_MODULES = YES;
				CODE_SIGN_IDENTITY = "";
				CODE_SIGN_STYLE = Automatic;
				DEFINES_MODULE = YES;
				DEVELOPMENT_TEAM = F879J8YSJ9;
				DYLIB_COMPATIBILITY_VERSION = 1;
				DYLIB_CURRENT_VERSION = 1;
				DYLIB_INSTALL_NAME_BASE = "@rpath";
				ENABLE_BITCODE = NO;
				INFOPLIST_FILE = MoveKin/Info.plist;
				INSTALL_PATH = "$(LOCAL_LIBRARY_DIR)/Frameworks";
				IPHONEOS_DEPLOYMENT_TARGET = 9.0;
				LD_RUNPATH_SEARCH_PATHS = (
					"$(inherited)",
					"@executable_path/Frameworks",
					"@loader_path/Frameworks",
				);
				PRODUCT_BUNDLE_IDENTIFIER = org.kinecosystem.MoveKin;
				PRODUCT_NAME = "$(TARGET_NAME:c99extidentifier)";
				SKIP_INSTALL = YES;
				SWIFT_OPTIMIZATION_LEVEL = "-Onone";
				SWIFT_VERSION = 4.2;
				TARGETED_DEVICE_FAMILY = "1,2";
			};
			name = Debug;
		};
		9191EC2021E78731002BAC48 /* Release */ = {
			isa = XCBuildConfiguration;
			buildSettings = {
				CLANG_ENABLE_MODULES = YES;
				CODE_SIGN_IDENTITY = "";
				CODE_SIGN_STYLE = Automatic;
				DEFINES_MODULE = YES;
				DEVELOPMENT_TEAM = F879J8YSJ9;
				DYLIB_COMPATIBILITY_VERSION = 1;
				DYLIB_CURRENT_VERSION = 1;
				DYLIB_INSTALL_NAME_BASE = "@rpath";
				ENABLE_BITCODE = NO;
				INFOPLIST_FILE = MoveKin/Info.plist;
				INSTALL_PATH = "$(LOCAL_LIBRARY_DIR)/Frameworks";
				IPHONEOS_DEPLOYMENT_TARGET = 9.0;
				LD_RUNPATH_SEARCH_PATHS = (
					"$(inherited)",
					"@executable_path/Frameworks",
					"@loader_path/Frameworks",
				);
				PRODUCT_BUNDLE_IDENTIFIER = org.kinecosystem.MoveKin;
				PRODUCT_NAME = "$(TARGET_NAME:c99extidentifier)";
				SKIP_INSTALL = YES;
				SWIFT_VERSION = 4.2;
				TARGETED_DEVICE_FAMILY = "1,2";
			};
			name = Release;
		};
		9191EC2221E78731002BAC48 /* Debug */ = {
			isa = XCBuildConfiguration;
			buildSettings = {
				ALWAYS_EMBED_SWIFT_STANDARD_LIBRARIES = YES;
				CODE_SIGN_STYLE = Automatic;
				DEVELOPMENT_TEAM = F879J8YSJ9;
				INFOPLIST_FILE = MoveKinTests/Info.plist;
				LD_RUNPATH_SEARCH_PATHS = (
					"$(inherited)",
					"@executable_path/Frameworks",
					"@loader_path/Frameworks",
				);
				PRODUCT_BUNDLE_IDENTIFIER = org.kinecosystem.MoveKinTests;
				PRODUCT_NAME = "$(TARGET_NAME)";
				SWIFT_VERSION = 4.2;
				TARGETED_DEVICE_FAMILY = "1,2";
			};
			name = Debug;
		};
		9191EC2321E78731002BAC48 /* Release */ = {
			isa = XCBuildConfiguration;
			buildSettings = {
				ALWAYS_EMBED_SWIFT_STANDARD_LIBRARIES = YES;
				CODE_SIGN_STYLE = Automatic;
				DEVELOPMENT_TEAM = F879J8YSJ9;
				INFOPLIST_FILE = MoveKinTests/Info.plist;
				LD_RUNPATH_SEARCH_PATHS = (
					"$(inherited)",
					"@executable_path/Frameworks",
					"@loader_path/Frameworks",
				);
				PRODUCT_BUNDLE_IDENTIFIER = org.kinecosystem.MoveKinTests;
				PRODUCT_NAME = "$(TARGET_NAME)";
				SWIFT_VERSION = 4.2;
				TARGETED_DEVICE_FAMILY = "1,2";
			};
			name = Release;
		};
/* End XCBuildConfiguration section */

/* Begin XCConfigurationList section */
		9191EC0421E78731002BAC48 /* Build configuration list for PBXProject "MoveKin" */ = {
			isa = XCConfigurationList;
			buildConfigurations = (
				9191EC1C21E78731002BAC48 /* Debug */,
				9191EC1D21E78731002BAC48 /* Release */,
			);
			defaultConfigurationIsVisible = 0;
			defaultConfigurationName = Release;
		};
		9191EC1E21E78731002BAC48 /* Build configuration list for PBXNativeTarget "MoveKin" */ = {
			isa = XCConfigurationList;
			buildConfigurations = (
				9191EC1F21E78731002BAC48 /* Debug */,
				9191EC2021E78731002BAC48 /* Release */,
			);
			defaultConfigurationIsVisible = 0;
			defaultConfigurationName = Release;
		};
		9191EC2121E78731002BAC48 /* Build configuration list for PBXNativeTarget "MoveKinTests" */ = {
			isa = XCConfigurationList;
			buildConfigurations = (
				9191EC2221E78731002BAC48 /* Debug */,
				9191EC2321E78731002BAC48 /* Release */,
			);
			defaultConfigurationIsVisible = 0;
			defaultConfigurationName = Release;
		};
/* End XCConfigurationList section */
	};
	rootObject = 9191EC0121E78731002BAC48 /* Project object */;
}
